// !$*UTF8*$!
{
	archiveVersion = 1;
	classes = {
	};
	objectVersion = 55;
	objects = {

/* Begin PBXBuildFile section */
		E2FCB79228D9F54F000A0DBC /* AppDelegate.swift in Sources */ = {isa = PBXBuildFile; fileRef = E2FCB79128D9F54F000A0DBC /* AppDelegate.swift */; };
		E2FCB79428D9F54F000A0DBC /* SceneDelegate.swift in Sources */ = {isa = PBXBuildFile; fileRef = E2FCB79328D9F54F000A0DBC /* SceneDelegate.swift */; };
		E2FCB79628D9F54F000A0DBC /* ViewController.swift in Sources */ = {isa = PBXBuildFile; fileRef = E2FCB79528D9F54F000A0DBC /* ViewController.swift */; };
		E2FCB79928D9F54F000A0DBC /* Main.storyboard in Resources */ = {isa = PBXBuildFile; fileRef = E2FCB79728D9F54F000A0DBC /* Main.storyboard */; };
		E2FCB79B28D9F550000A0DBC /* Assets.xcassets in Resources */ = {isa = PBXBuildFile; fileRef = E2FCB79A28D9F550000A0DBC /* Assets.xcassets */; };
		E2FCB79E28D9F550000A0DBC /* LaunchScreen.storyboard in Resources */ = {isa = PBXBuildFile; fileRef = E2FCB79C28D9F550000A0DBC /* LaunchScreen.storyboard */; };
		EFCE19E4E1F803E6E2B0A611 /* Pods_Buster.framework in Frameworks */ = {isa = PBXBuildFile; fileRef = 0928330BAE50B46F9530D3E6 /* Pods_Buster.framework */; };
/* End PBXBuildFile section */

/* Begin PBXFileReference section */
		0928330BAE50B46F9530D3E6 /* Pods_Buster.framework */ = {isa = PBXFileReference; explicitFileType = wrapper.framework; includeInIndex = 0; path = Pods_Buster.framework; sourceTree = BUILT_PRODUCTS_DIR; };
		2220E541FE177756F0D51628 /* Pods-Buster.release.xcconfig */ = {isa = PBXFileReference; includeInIndex = 1; lastKnownFileType = text.xcconfig; name = "Pods-Buster.release.xcconfig"; path = "Target Support Files/Pods-Buster/Pods-Buster.release.xcconfig"; sourceTree = "<group>"; };
		6D86220B884BD4B847C61849 /* Pods-Buster.debug.xcconfig */ = {isa = PBXFileReference; includeInIndex = 1; lastKnownFileType = text.xcconfig; name = "Pods-Buster.debug.xcconfig"; path = "Target Support Files/Pods-Buster/Pods-Buster.debug.xcconfig"; sourceTree = "<group>"; };
		E2FCB78E28D9F54F000A0DBC /* Buster.app */ = {isa = PBXFileReference; explicitFileType = wrapper.application; includeInIndex = 0; path = Buster.app; sourceTree = BUILT_PRODUCTS_DIR; };
		E2FCB79128D9F54F000A0DBC /* AppDelegate.swift */ = {isa = PBXFileReference; lastKnownFileType = sourcecode.swift; path = AppDelegate.swift; sourceTree = "<group>"; };
		E2FCB79328D9F54F000A0DBC /* SceneDelegate.swift */ = {isa = PBXFileReference; lastKnownFileType = sourcecode.swift; path = SceneDelegate.swift; sourceTree = "<group>"; };
		E2FCB79528D9F54F000A0DBC /* ViewController.swift */ = {isa = PBXFileReference; lastKnownFileType = sourcecode.swift; path = ViewController.swift; sourceTree = "<group>"; };
		E2FCB79828D9F54F000A0DBC /* Base */ = {isa = PBXFileReference; lastKnownFileType = file.storyboard; name = Base; path = Base.lproj/Main.storyboard; sourceTree = "<group>"; };
		E2FCB79A28D9F550000A0DBC /* Assets.xcassets */ = {isa = PBXFileReference; lastKnownFileType = folder.assetcatalog; path = Assets.xcassets; sourceTree = "<group>"; };
		E2FCB79D28D9F550000A0DBC /* Base */ = {isa = PBXFileReference; lastKnownFileType = file.storyboard; name = Base; path = Base.lproj/LaunchScreen.storyboard; sourceTree = "<group>"; };
		E2FCB79F28D9F550000A0DBC /* Info.plist */ = {isa = PBXFileReference; lastKnownFileType = text.plist.xml; path = Info.plist; sourceTree = "<group>"; };
/* End PBXFileReference section */

/* Begin PBXFrameworksBuildPhase section */
		E2FCB78B28D9F54F000A0DBC /* Frameworks */ = {
			isa = PBXFrameworksBuildPhase;
			buildActionMask = 2147483647;
			files = (
				EFCE19E4E1F803E6E2B0A611 /* Pods_Buster.framework in Frameworks */,
			);
			runOnlyForDeploymentPostprocessing = 0;
		};
/* End PBXFrameworksBuildPhase section */

/* Begin PBXGroup section */
		00E2512D17174CC2F565411D /* Pods */ = {
			isa = PBXGroup;
			children = (
				6D86220B884BD4B847C61849 /* Pods-Buster.debug.xcconfig */,
				2220E541FE177756F0D51628 /* Pods-Buster.release.xcconfig */,
			);
			name = Pods;
			path = Pods;
			sourceTree = "<group>";
		};
		112C232D1BA091AACECB9365 /* Frameworks */ = {
			isa = PBXGroup;
			children = (
				0928330BAE50B46F9530D3E6 /* Pods_Buster.framework */,
			);
			name = Frameworks;
			sourceTree = "<group>";
		};
		E2FCB78528D9F54F000A0DBC = {
			isa = PBXGroup;
			children = (
				E2FCB79028D9F54F000A0DBC /* Buster */,
				E2FCB78F28D9F54F000A0DBC /* Products */,
				00E2512D17174CC2F565411D /* Pods */,
				112C232D1BA091AACECB9365 /* Frameworks */,
			);
			sourceTree = "<group>";
		};
		E2FCB78F28D9F54F000A0DBC /* Products */ = {
			isa = PBXGroup;
			children = (
				E2FCB78E28D9F54F000A0DBC /* Buster.app */,
			);
			name = Products;
			sourceTree = "<group>";
		};
		E2FCB79028D9F54F000A0DBC /* Buster */ = {
			isa = PBXGroup;
			children = (
				E2FCB79128D9F54F000A0DBC /* AppDelegate.swift */,
				E2FCB79328D9F54F000A0DBC /* SceneDelegate.swift */,
				E2FCB79528D9F54F000A0DBC /* ViewController.swift */,
				E2FCB79728D9F54F000A0DBC /* Main.storyboard */,
				E2FCB79A28D9F550000A0DBC /* Assets.xcassets */,
				E2FCB79C28D9F550000A0DBC /* LaunchScreen.storyboard */,
				E2FCB79F28D9F550000A0DBC /* Info.plist */,
			);
			path = Buster;
			sourceTree = "<group>";
		};
/* End PBXGroup section */

/* Begin PBXNativeTarget section */
		E2FCB78D28D9F54F000A0DBC /* Buster */ = {
			isa = PBXNativeTarget;
			buildConfigurationList = E2FCB7A228D9F550000A0DBC /* Build configuration list for PBXNativeTarget "Buster" */;
			buildPhases = (
				9F653D96D4F3AABFEBD7419A /* [CP] Check Pods Manifest.lock */,
				E2FCB78A28D9F54F000A0DBC /* Sources */,
				E2FCB78B28D9F54F000A0DBC /* Frameworks */,
				E2FCB78C28D9F54F000A0DBC /* Resources */,
				7602DE45A00048F35AE3097F /* [CP] Embed Pods Frameworks */,
			);
			buildRules = (
			);
			dependencies = (
			);
			name = Buster;
			productName = Buster;
			productReference = E2FCB78E28D9F54F000A0DBC /* Buster.app */;
			productType = "com.apple.product-type.application";
		};
/* End PBXNativeTarget section */

/* Begin PBXProject section */
		E2FCB78628D9F54F000A0DBC /* Project object */ = {
			isa = PBXProject;
			attributes = {
				BuildIndependentTargetsInParallel = 1;
				LastSwiftUpdateCheck = 1330;
				LastUpgradeCheck = 1330;
				TargetAttributes = {
					E2FCB78D28D9F54F000A0DBC = {
						CreatedOnToolsVersion = 13.3;
					};
				};
			};
			buildConfigurationList = E2FCB78928D9F54F000A0DBC /* Build configuration list for PBXProject "Buster" */;
			compatibilityVersion = "Xcode 13.0";
			developmentRegion = en;
			hasScannedForEncodings = 0;
			knownRegions = (
				en,
				Base,
			);
			mainGroup = E2FCB78528D9F54F000A0DBC;
			productRefGroup = E2FCB78F28D9F54F000A0DBC /* Products */;
			projectDirPath = "";
			projectRoot = "";
			targets = (
				E2FCB78D28D9F54F000A0DBC /* Buster */,
			);
		};
/* End PBXProject section */

/* Begin PBXResourcesBuildPhase section */
		E2FCB78C28D9F54F000A0DBC /* Resources */ = {
			isa = PBXResourcesBuildPhase;
			buildActionMask = 2147483647;
			files = (
				E2FCB79E28D9F550000A0DBC /* LaunchScreen.storyboard in Resources */,
				E2FCB79B28D9F550000A0DBC /* Assets.xcassets in Resources */,
				E2FCB79928D9F54F000A0DBC /* Main.storyboard in Resources */,
			);
			runOnlyForDeploymentPostprocessing = 0;
		};
/* End PBXResourcesBuildPhase section */

/* Begin PBXShellScriptBuildPhase section */
		7602DE45A00048F35AE3097F /* [CP] Embed Pods Frameworks */ = {
			isa = PBXShellScriptBuildPhase;
			buildActionMask = 2147483647;
			files = (
			);
			inputFileListPaths = (
				"${PODS_ROOT}/Target Support Files/Pods-Buster/Pods-Buster-frameworks-${CONFIGURATION}-input-files.xcfilelist",
			);
			name = "[CP] Embed Pods Frameworks";
			outputFileListPaths = (
				"${PODS_ROOT}/Target Support Files/Pods-Buster/Pods-Buster-frameworks-${CONFIGURATION}-output-files.xcfilelist",
			);
			runOnlyForDeploymentPostprocessing = 0;
			shellPath = /bin/sh;
			shellScript = "\"${PODS_ROOT}/Target Support Files/Pods-Buster/Pods-Buster-frameworks.sh\"\n";
			showEnvVarsInLog = 0;
		};
		9F653D96D4F3AABFEBD7419A /* [CP] Check Pods Manifest.lock */ = {
			isa = PBXShellScriptBuildPhase;
			buildActionMask = 2147483647;
			files = (
			);
			inputFileListPaths = (
			);
			inputPaths = (
				"${PODS_PODFILE_DIR_PATH}/Podfile.lock",
				"${PODS_ROOT}/Manifest.lock",
			);
			name = "[CP] Check Pods Manifest.lock";
			outputFileListPaths = (
			);
			outputPaths = (
				"$(DERIVED_FILE_DIR)/Pods-Buster-checkManifestLockResult.txt",
			);
			runOnlyForDeploymentPostprocessing = 0;
			shellPath = /bin/sh;
			shellScript = "diff \"${PODS_PODFILE_DIR_PATH}/Podfile.lock\" \"${PODS_ROOT}/Manifest.lock\" > /dev/null\nif [ $? != 0 ] ; then\n    # print error to STDERR\n    echo \"error: The sandbox is not in sync with the Podfile.lock. Run 'pod install' or update your CocoaPods installation.\" >&2\n    exit 1\nfi\n# This output is used by Xcode 'outputs' to avoid re-running this script phase.\necho \"SUCCESS\" > \"${SCRIPT_OUTPUT_FILE_0}\"\n";
			showEnvVarsInLog = 0;
		};
/* End PBXShellScriptBuildPhase section */

/* Begin PBXSourcesBuildPhase section */
		E2FCB78A28D9F54F000A0DBC /* Sources */ = {
			isa = PBXSourcesBuildPhase;
			buildActionMask = 2147483647;
			files = (
				E2FCB79628D9F54F000A0DBC /* ViewController.swift in Sources */,
				E2FCB79228D9F54F000A0DBC /* AppDelegate.swift in Sources */,
				E2FCB79428D9F54F000A0DBC /* SceneDelegate.swift in Sources */,
			);
			runOnlyForDeploymentPostprocessing = 0;
		};
/* End PBXSourcesBuildPhase section */

/* Begin PBXVariantGroup section */
		E2FCB79728D9F54F000A0DBC /* Main.storyboard */ = {
			isa = PBXVariantGroup;
			children = (
				E2FCB79828D9F54F000A0DBC /* Base */,
			);
			name = Main.storyboard;
			sourceTree = "<group>";
		};
		E2FCB79C28D9F550000A0DBC /* LaunchScreen.storyboard */ = {
			isa = PBXVariantGroup;
			children = (
				E2FCB79D28D9F550000A0DBC /* Base */,
			);
			name = LaunchScreen.storyboard;
			sourceTree = "<group>";
		};
/* End PBXVariantGroup section */

/* Begin XCBuildConfiguration section */
		E2FCB7A028D9F550000A0DBC /* Debug */ = {
			isa = XCBuildConfiguration;
			buildSettings = {
				ALWAYS_SEARCH_USER_PATHS = NO;
				CLANG_ANALYZER_NONNULL = YES;
				CLANG_ANALYZER_NUMBER_OBJECT_CONVERSION = YES_AGGRESSIVE;
				CLANG_CXX_LANGUAGE_STANDARD = "gnu++17";
				CLANG_ENABLE_MODULES = YES;
				CLANG_ENABLE_OBJC_ARC = YES;
				CLANG_ENABLE_OBJC_WEAK = YES;
				CLANG_WARN_BLOCK_CAPTURE_AUTORELEASING = YES;
				CLANG_WARN_BOOL_CONVERSION = YES;
				CLANG_WARN_COMMA = YES;
				CLANG_WARN_CONSTANT_CONVERSION = YES;
				CLANG_WARN_DEPRECATED_OBJC_IMPLEMENTATIONS = YES;
				CLANG_WARN_DIRECT_OBJC_ISA_USAGE = YES_ERROR;
				CLANG_WARN_DOCUMENTATION_COMMENTS = YES;
				CLANG_WARN_EMPTY_BODY = YES;
				CLANG_WARN_ENUM_CONVERSION = YES;
				CLANG_WARN_INFINITE_RECURSION = YES;
				CLANG_WARN_INT_CONVERSION = YES;
				CLANG_WARN_NON_LITERAL_NULL_CONVERSION = YES;
				CLANG_WARN_OBJC_IMPLICIT_RETAIN_SELF = YES;
				CLANG_WARN_OBJC_LITERAL_CONVERSION = YES;
				CLANG_WARN_OBJC_ROOT_CLASS = YES_ERROR;
				CLANG_WARN_QUOTED_INCLUDE_IN_FRAMEWORK_HEADER = YES;
				CLANG_WARN_RANGE_LOOP_ANALYSIS = YES;
				CLANG_WARN_STRICT_PROTOTYPES = YES;
				CLANG_WARN_SUSPICIOUS_MOVE = YES;
				CLANG_WARN_UNGUARDED_AVAILABILITY = YES_AGGRESSIVE;
				CLANG_WARN_UNREACHABLE_CODE = YES;
				CLANG_WARN__DUPLICATE_METHOD_MATCH = YES;
				COPY_PHASE_STRIP = NO;
				DEBUG_INFORMATION_FORMAT = dwarf;
				ENABLE_STRICT_OBJC_MSGSEND = YES;
				ENABLE_TESTABILITY = YES;
				GCC_C_LANGUAGE_STANDARD = gnu11;
				GCC_DYNAMIC_NO_PIC = NO;
				GCC_NO_COMMON_BLOCKS = YES;
				GCC_OPTIMIZATION_LEVEL = 0;
				GCC_PREPROCESSOR_DEFINITIONS = (
					"DEBUG=1",
					"$(inherited)",
				);
				GCC_WARN_64_TO_32_BIT_CONVERSION = YES;
				GCC_WARN_ABOUT_RETURN_TYPE = YES_ERROR;
				GCC_WARN_UNDECLARED_SELECTOR = YES;
				GCC_WARN_UNINITIALIZED_AUTOS = YES_AGGRESSIVE;
				GCC_WARN_UNUSED_FUNCTION = YES;
				GCC_WARN_UNUSED_VARIABLE = YES;
				IPHONEOS_DEPLOYMENT_TARGET = 15.4;
				MTL_ENABLE_DEBUG_INFO = INCLUDE_SOURCE;
				MTL_FAST_MATH = YES;
				ONLY_ACTIVE_ARCH = YES;
				SDKROOT = iphoneos;
				SWIFT_ACTIVE_COMPILATION_CONDITIONS = DEBUG;
				SWIFT_OPTIMIZATION_LEVEL = "-Onone";
			};
			name = Debug;
		};
		E2FCB7A128D9F550000A0DBC /* Release */ = {
			isa = XCBuildConfiguration;
			buildSettings = {
				ALWAYS_SEARCH_USER_PATHS = NO;
				CLANG_ANALYZER_NONNULL = YES;
				CLANG_ANALYZER_NUMBER_OBJECT_CONVERSION = YES_AGGRESSIVE;
				CLANG_CXX_LANGUAGE_STANDARD = "gnu++17";
				CLANG_ENABLE_MODULES = YES;
				CLANG_ENABLE_OBJC_ARC = YES;
				CLANG_ENABLE_OBJC_WEAK = YES;
				CLANG_WARN_BLOCK_CAPTURE_AUTORELEASING = YES;
				CLANG_WARN_BOOL_CONVERSION = YES;
				CLANG_WARN_COMMA = YES;
				CLANG_WARN_CONSTANT_CONVERSION = YES;
				CLANG_WARN_DEPRECATED_OBJC_IMPLEMENTATIONS = YES;
				CLANG_WARN_DIRECT_OBJC_ISA_USAGE = YES_ERROR;
				CLANG_WARN_DOCUMENTATION_COMMENTS = YES;
				CLANG_WARN_EMPTY_BODY = YES;
				CLANG_WARN_ENUM_CONVERSION = YES;
				CLANG_WARN_INFINITE_RECURSION = YES;
				CLANG_WARN_INT_CONVERSION = YES;
				CLANG_WARN_NON_LITERAL_NULL_CONVERSION = YES;
				CLANG_WARN_OBJC_IMPLICIT_RETAIN_SELF = YES;
				CLANG_WARN_OBJC_LITERAL_CONVERSION = YES;
				CLANG_WARN_OBJC_ROOT_CLASS = YES_ERROR;
				CLANG_WARN_QUOTED_INCLUDE_IN_FRAMEWORK_HEADER = YES;
				CLANG_WARN_RANGE_LOOP_ANALYSIS = YES;
				CLANG_WARN_STRICT_PROTOTYPES = YES;
				CLANG_WARN_SUSPICIOUS_MOVE = YES;
				CLANG_WARN_UNGUARDED_AVAILABILITY = YES_AGGRESSIVE;
				CLANG_WARN_UNREACHABLE_CODE = YES;
				CLANG_WARN__DUPLICATE_METHOD_MATCH = YES;
				COPY_PHASE_STRIP = NO;
				DEBUG_INFORMATION_FORMAT = "dwarf-with-dsym";
				ENABLE_NS_ASSERTIONS = NO;
				ENABLE_STRICT_OBJC_MSGSEND = YES;
				GCC_C_LANGUAGE_STANDARD = gnu11;
				GCC_NO_COMMON_BLOCKS = YES;
				GCC_WARN_64_TO_32_BIT_CONVERSION = YES;
				GCC_WARN_ABOUT_RETURN_TYPE = YES_ERROR;
				GCC_WARN_UNDECLARED_SELECTOR = YES;
				GCC_WARN_UNINITIALIZED_AUTOS = YES_AGGRESSIVE;
				GCC_WARN_UNUSED_FUNCTION = YES;
				GCC_WARN_UNUSED_VARIABLE = YES;
				IPHONEOS_DEPLOYMENT_TARGET = 15.4;
				MTL_ENABLE_DEBUG_INFO = NO;
				MTL_FAST_MATH = YES;
				SDKROOT = iphoneos;
				SWIFT_COMPILATION_MODE = wholemodule;
				SWIFT_OPTIMIZATION_LEVEL = "-O";
				VALIDATE_PRODUCT = YES;
			};
			name = Release;
		};
		E2FCB7A328D9F550000A0DBC /* Debug */ = {
			isa = XCBuildConfiguration;
			baseConfigurationReference = 6D86220B884BD4B847C61849 /* Pods-Buster.debug.xcconfig */;
			buildSettings = {
				ASSETCATALOG_COMPILER_APPICON_NAME = AppIcon;
				ASSETCATALOG_COMPILER_GLOBAL_ACCENT_COLOR_NAME = AccentColor;
				CODE_SIGN_STYLE = Automatic;
				CURRENT_PROJECT_VERSION = 1;
				GENERATE_INFOPLIST_FILE = YES;
				INFOPLIST_FILE = Buster/Info.plist;
				INFOPLIST_KEY_UIApplicationSupportsIndirectInputEvents = YES;
				INFOPLIST_KEY_UILaunchStoryboardName = LaunchScreen;
				INFOPLIST_KEY_UIMainStoryboardFile = Main;
				INFOPLIST_KEY_UISupportedInterfaceOrientations_iPad = "UIInterfaceOrientationPortrait UIInterfaceOrientationPortraitUpsideDown UIInterfaceOrientationLandscapeLeft UIInterfaceOrientationLandscapeRight";
				INFOPLIST_KEY_UISupportedInterfaceOrientations_iPhone = "UIInterfaceOrientationPortrait UIInterfaceOrientationLandscapeLeft UIInterfaceOrientationLandscapeRight";
				LD_RUNPATH_SEARCH_PATHS = (
					"$(inherited)",
					"@executable_path/Frameworks",
				);
				MARKETING_VERSION = 1.0;
				PRODUCT_BUNDLE_IDENTIFIER = equinox.Buster;
				PRODUCT_NAME = "$(TARGET_NAME)";
				SWIFT_EMIT_LOC_STRINGS = YES;
				SWIFT_VERSION = 5.0;
				TARGETED_DEVICE_FAMILY = "1,2";
			};
			name = Debug;
		};
		E2FCB7A428D9F550000A0DBC /* Release */ = {
			isa = XCBuildConfiguration;
			baseConfigurationReference = 2220E541FE177756F0D51628 /* Pods-Buster.release.xcconfig */;
			buildSettings = {
				ASSETCATALOG_COMPILER_APPICON_NAME = AppIcon;
				ASSETCATALOG_COMPILER_GLOBAL_ACCENT_COLOR_NAME = AccentColor;
				CODE_SIGN_STYLE = Automatic;
				CURRENT_PROJECT_VERSION = 1;
				GENERATE_INFOPLIST_FILE = YES;
				INFOPLIST_FILE = Buster/Info.plist;
				INFOPLIST_KEY_UIApplicationSupportsIndirectInputEvents = YES;
				INFOPLIST_KEY_UILaunchStoryboardName = LaunchScreen;
				INFOPLIST_KEY_UIMainStoryboardFile = Main;
				INFOPLIST_KEY_UISupportedInterfaceOrientations_iPad = "UIInterfaceOrientationPortrait UIInterfaceOrientationPortraitUpsideDown UIInterfaceOrientationLandscapeLeft UIInterfaceOrientationLandscapeRight";
				INFOPLIST_KEY_UISupportedInterfaceOrientations_iPhone = "UIInterfaceOrientationPortrait UIInterfaceOrientationLandscapeLeft UIInterfaceOrientationLandscapeRight";
				LD_RUNPATH_SEARCH_PATHS = (
					"$(inherited)",
					"@executable_path/Frameworks",
				);
				MARKETING_VERSION = 1.0;
				PRODUCT_BUNDLE_IDENTIFIER = equinox.Buster;
				PRODUCT_NAME = "$(TARGET_NAME)";
				SWIFT_EMIT_LOC_STRINGS = YES;
				SWIFT_VERSION = 5.0;
				TARGETED_DEVICE_FAMILY = "1,2";
			};
			name = Release;
		};
/* End XCBuildConfiguration section */

/* Begin XCConfigurationList section */
		E2FCB78928D9F54F000A0DBC /* Build configuration list for PBXProject "Buster" */ = {
			isa = XCConfigurationList;
			buildConfigurations = (
				E2FCB7A028D9F550000A0DBC /* Debug */,
				E2FCB7A128D9F550000A0DBC /* Release */,
			);
			defaultConfigurationIsVisible = 0;
			defaultConfigurationName = Release;
		};
		E2FCB7A228D9F550000A0DBC /* Build configuration list for PBXNativeTarget "Buster" */ = {
			isa = XCConfigurationList;
			buildConfigurations = (
				E2FCB7A328D9F550000A0DBC /* Debug */,
				E2FCB7A428D9F550000A0DBC /* Release */,
			);
			defaultConfigurationIsVisible = 0;
			defaultConfigurationName = Release;
		};
/* End XCConfigurationList section */
	};
	rootObject = E2FCB78628D9F54F000A0DBC /* Project object */;
}
